
Microsoft Visual Studio Solution File, Format Version 12.00
# Visual Studio Version 17
VisualStudioVersion = 17.14.36121.58 d17.14
MinimumVisualStudioVersion = 10.0.40219.1
Project("{FAE04EC0-301F-11D3-BF4B-00C04F79EFBC}") = "MindSphereAuthAPI", "MindSphereAuthAPI\MindSphereAuthAPI.csproj", "{B0C32827-1ADA-4B95-8D91-4EAD2CFB3F7E}"
EndProject
Global
	GlobalSection(SolutionConfigurationPlatforms) = preSolution
		Debug|Any CPU = Debug|Any CPU
		Release|Any CPU = Release|Any CPU
	EndGlobalSection
	GlobalSection(ProjectConfigurationPlatforms) = postSolution
		{B0C32827-1ADA-4B95-8D91-4EAD2CFB3F7E}.Debug|Any CPU.ActiveCfg = Debug|Any CPU
		{B0C32827-1ADA-4B95-8D91-4EAD2CFB3F7E}.Debug|Any CPU.Build.0 = Debug|Any CPU
		{B0C32827-1ADA-4B95-8D91-4EAD2CFB3F7E}.Release|Any CPU.ActiveCfg = Release|Any CPU
		{B0C32827-1ADA-4B95-8D91-4EAD2CFB3F7E}.Release|Any CPU.Build.0 = Release|Any CPU
	EndGlobalSection
	GlobalSection(SolutionProperties) = preSolution
		HideSolutionNode = FALSE
	EndGlobalSection
	GlobalSection(ExtensibilityGlobals) = postSolution
		SolutionGuid = {146711DD-D434-4771-81EE-D910B4F13D20}
	EndGlobalSection
EndGlobal
